
Microsoft Visual Studio Solution File, Format Version 12.00
# Visual Studio Version 17
VisualStudioVersion = 17.1.32228.430
MinimumVisualStudioVersion = 10.0.40219.1
Project("{9A19103F-16F7-4668-BE54-9A1E7A4F7556}") = "StudentApi", "StudentApi.csproj", "{C2F290A5-F0CE-4F12-B789-D03C37A4CD07}"
	ProjectSection(ProjectDependencies) = postProject
		{04013E0D-2D90-420E-8F0B-A316C9F708DC} = {04013E0D-2D90-420E-8F0B-A316C9F708DC}
	EndProjectSection
EndProject
Project("{9A19103F-16F7-4668-BE54-9A1E7A4F7556}") = "IRepository", "..\IRepository\IRepository.csproj", "{4B29539B-B61B-4811-88EC-16734502AE08}"
EndProject
Project("{9A19103F-16F7-4668-BE54-9A1E7A4F7556}") = "Repository", "..\Repository\Repository.csproj", "{04013E0D-2D90-420E-8F0B-A316C9F708DC}"
EndProject
Project("{9A19103F-16F7-4668-BE54-9A1E7A4F7556}") = "IManager", "..\IManager\IManager.csproj", "{8B8BAF35-7709-4C6C-BCA0-6EC4365156D0}"
EndProject
Project("{9A19103F-16F7-4668-BE54-9A1E7A4F7556}") = "Manager", "..\Manager\Manager.csproj", "{906397FD-EC77-4018-BC66-8DB1F81115AE}"
EndProject
Project("{FAE04EC0-301F-11D3-BF4B-00C04F79EFBC}") = "Dtos", "..\Dtos\Dtos.csproj", "{60BCA1FC-EECD-4202-90DC-605C9926D1EE}"
EndProject
Project("{FAE04EC0-301F-11D3-BF4B-00C04F79EFBC}") = "AutoMapperProfile", "..\AutoMapperProfile\AutoMapperProfile.csproj", "{F892DAAE-8DF0-4276-A2A6-42896886EC49}"
EndProject
Global
	GlobalSection(SolutionConfigurationPlatforms) = preSolution
		Debug|Any CPU = Debug|Any CPU
		Release|Any CPU = Release|Any CPU
	EndGlobalSection
	GlobalSection(ProjectConfigurationPlatforms) = postSolution
		{C2F290A5-F0CE-4F12-B789-D03C37A4CD07}.Debug|Any CPU.ActiveCfg = Debug|Any CPU
		{C2F290A5-F0CE-4F12-B789-D03C37A4CD07}.Debug|Any CPU.Build.0 = Debug|Any CPU
		{C2F290A5-F0CE-4F12-B789-D03C37A4CD07}.Release|Any CPU.ActiveCfg = Release|Any CPU
		{C2F290A5-F0CE-4F12-B789-D03C37A4CD07}.Release|Any CPU.Build.0 = Release|Any CPU
		{4B29539B-B61B-4811-88EC-16734502AE08}.Debug|Any CPU.ActiveCfg = Debug|Any CPU
		{4B29539B-B61B-4811-88EC-16734502AE08}.Debug|Any CPU.Build.0 = Debug|Any CPU
		{4B29539B-B61B-4811-88EC-16734502AE08}.Release|Any CPU.ActiveCfg = Release|Any CPU
		{4B29539B-B61B-4811-88EC-16734502AE08}.Release|Any CPU.Build.0 = Release|Any CPU
		{04013E0D-2D90-420E-8F0B-A316C9F708DC}.Debug|Any CPU.ActiveCfg = Debug|Any CPU
		{04013E0D-2D90-420E-8F0B-A316C9F708DC}.Debug|Any CPU.Build.0 = Debug|Any CPU
		{04013E0D-2D90-420E-8F0B-A316C9F708DC}.Release|Any CPU.ActiveCfg = Release|Any CPU
		{04013E0D-2D90-420E-8F0B-A316C9F708DC}.Release|Any CPU.Build.0 = Release|Any CPU
		{8B8BAF35-7709-4C6C-BCA0-6EC4365156D0}.Debug|Any CPU.ActiveCfg = Debug|Any CPU
		{8B8BAF35-7709-4C6C-BCA0-6EC4365156D0}.Debug|Any CPU.Build.0 = Debug|Any CPU
		{8B8BAF35-7709-4C6C-BCA0-6EC4365156D0}.Release|Any CPU.ActiveCfg = Release|Any CPU
		{8B8BAF35-7709-4C6C-BCA0-6EC4365156D0}.Release|Any CPU.Build.0 = Release|Any CPU
		{906397FD-EC77-4018-BC66-8DB1F81115AE}.Debug|Any CPU.ActiveCfg = Debug|Any CPU
		{906397FD-EC77-4018-BC66-8DB1F81115AE}.Debug|Any CPU.Build.0 = Debug|Any CPU
		{906397FD-EC77-4018-BC66-8DB1F81115AE}.Release|Any CPU.ActiveCfg = Release|Any CPU
		{906397FD-EC77-4018-BC66-8DB1F81115AE}.Release|Any CPU.Build.0 = Release|Any CPU
		{60BCA1FC-EECD-4202-90DC-605C9926D1EE}.Debug|Any CPU.ActiveCfg = Debug|Any CPU
		{60BCA1FC-EECD-4202-90DC-605C9926D1EE}.Debug|Any CPU.Build.0 = Debug|Any CPU
		{60BCA1FC-EECD-4202-90DC-605C9926D1EE}.Release|Any CPU.ActiveCfg = Release|Any CPU
		{60BCA1FC-EECD-4202-90DC-605C9926D1EE}.Release|Any CPU.Build.0 = Release|Any CPU
		{F892DAAE-8DF0-4276-A2A6-42896886EC49}.Debug|Any CPU.ActiveCfg = Debug|Any CPU
		{F892DAAE-8DF0-4276-A2A6-42896886EC49}.Debug|Any CPU.Build.0 = Debug|Any CPU
		{F892DAAE-8DF0-4276-A2A6-42896886EC49}.Release|Any CPU.ActiveCfg = Release|Any CPU
		{F892DAAE-8DF0-4276-A2A6-42896886EC49}.Release|Any CPU.Build.0 = Release|Any CPU
	EndGlobalSection
	GlobalSection(SolutionProperties) = preSolution
		HideSolutionNode = FALSE
	EndGlobalSection
	GlobalSection(ExtensibilityGlobals) = postSolution
		SolutionGuid = {EA8BA850-A508-4C23-AED6-4C0520602938}
	EndGlobalSection
EndGlobal
